<?xml version="1.0" encoding="utf-8"?>
<Project ToolsVersion="4.0" xmlns="http://schemas.microsoft.com/developer/msbuild/2003">
  <ItemGroup>
    <Filter Include="Resource Files">
      <UniqueIdentifier>{67DA6AB6-F800-4c08-8B7A-83BB121AAD01}</UniqueIdentifier>
      <Extensions>rc;ico;cur;bmp;dlg;rc2;rct;bin;rgs;gif;jpg;jpeg;jpe;resx;tiff;tif;png;wav;mfcribbon-ms</Extensions>
    </Filter>
    <Filter Include="Source">
      <UniqueIdentifier>{4FC737F1-C7A5-4376-A066-2A32D752A2FF}</UniqueIdentifier>
      <Extensions>cpp;c;cc;cxx;def;odl;idl;hpj;bat;asm;asmx</Extensions>
    </Filter>
    <Filter Include="Precompiled Header">
      <UniqueIdentifier>{fa50bb7e-265a-4656-89d7-e36db8e2be5a}</UniqueIdentifier>
    </Filter>
    <Filter Include="Source\classes">
      <UniqueIdentifier>{d966fab7-ad55-49fa-9531-315c5a813ec1}</UniqueIdentifier>
    </Filter>
    <Filter Include="Source\utils">
      <UniqueIdentifier>{afd6ff43-96b7-418a-b9a4-5a897e060dea}</UniqueIdentifier>
    </Filter>
  </ItemGroup>
  <ItemGroup>
    <ClInclude Include="src\gdlibrary.h">
      <Filter>Source</Filter>
    </ClInclude>
    <ClInclude Include="pch.h">
      <Filter>Precompiled Header</Filter>
    </ClInclude>
    <ClInclude Include="src\utils\PythonInitializer.h">
      <Filter>Source\utils</Filter>
    </ClInclude>
    <ClInclude Include="src\utils\IRaiiInitializer.h">
      <Filter>Source\utils</Filter>
    </ClInclude>
    <ClInclude Include="src\classes\PyBridge.h">
      <Filter>Source\classes</Filter>
    </ClInclude>
    <ClInclude Include="src\classes\SnakeGame.h">
      <Filter>Source\classes</Filter>
    </ClInclude>
    <ClInclude Include="src\utils\Randomize.h">
      <Filter>Source\utils</Filter>
    </ClInclude>
    <ClInclude Include="src\classes\SnakeMap.h">
      <Filter>Source\classes</Filter>
    </ClInclude>
  </ItemGroup>
  <ItemGroup>
    <ClCompile Include="src\gdlibrary.cpp">
      <Filter>Source</Filter>
    </ClCompile>
    <ClCompile Include="pch.cpp">
      <Filter>Precompiled Header</Filter>
    </ClCompile>
    <ClCompile Include="src\utils\PythonInitializer.cpp">
      <Filter>Source\utils</Filter>
    </ClCompile>
    <ClCompile Include="src\utils\IRaiiInitializer.cpp">
      <Filter>Source\utils</Filter>
    </ClCompile>
    <ClCompile Include="src\classes\PyBridge.cpp">
      <Filter>Source\classes</Filter>
    </ClCompile>
    <ClCompile Include="src\classes\SnakeGame.cpp">
      <Filter>Source\classes</Filter>
    </ClCompile>
    <ClCompile Include="src\utils\Randomize.cpp">
      <Filter>Source\utils</Filter>
    </ClCompile>
    <ClCompile Include="src\classes\SnakeMap.cpp">
      <Filter>Source\classes</Filter>
    </ClCompile>
  </ItemGroup>
</Project>